# =============================================================================
# Quartus Settings File — OdoCrypt Miner for QMTECH Cyclone V SoC
# Device: 5CSXFC6C6U23 (Cyclone V SX, 110K LE, 204 M10K, 112 DSP, 484-ball BGA)
# Board:  QMTECH Cyclone V SoC KFB
# =============================================================================

set_global_assignment -name FAMILY "Cyclone V"
set_global_assignment -name DEVICE 5CSXFC6C6U23I7
set_global_assignment -name TOP_LEVEL_ENTITY soc_top
set_global_assignment -name OPTIMIZE_HOLD_TIMING "ALL PATHS"
set_global_assignment -name OPTIMIZE_MULTI_CORNER_TIMING ON
set_global_assignment -name PROJECT_OUTPUT_DIRECTORY output_files

# --- Compilation mode ---------------------------------------------------------
set_global_assignment -name STRATIX_DEVICE_IO_STANDARD "3.3-V LVTTL"
set_global_assignment -name RESERVE_ALL_UNUSED_PINS_WEAK_PULLUP "AS INPUT TRI-STATED"
set_global_assignment -name GENERATE_RBF_FILE ON
set_global_assignment -name NUM_PARALLEL_PROCESSORS 8

# --- Timing constraints -------------------------------------------------------

# --- RTL source files ---------------------------------------------------------

# Top-level SoC wrapper

# Miner Avalon-MM slave

# OdoCrypt core
# odocrypt_compress.v, odocrypt_round.v, odocrypt_sbox_dsp.v are superseded by
# the sequential odocrypt_core.v and archived in hdl/src/odocrypt/archive/

# Keccak-800 post-hash

# Clock-domain crossing

# Qsys-generated system (generated by Platform Designer; not in repo until first build)

# --- HPS/Qsys EDA paths (Quartus needs these for SoC projects) ----------------
set_global_assignment -name HPS_EARLY_IO_RELEASE ON

# --- Synthesis settings -------------------------------------------------------
set_global_assignment -name OPTIMIZATION_MODE "HIGH PERFORMANCE EFFORT"
set_global_assignment -name ALLOW_REGISTER_RETIMING ON
set_global_assignment -name PHYSICAL_SYNTHESIS_REGISTER_DUPLICATION ON
set_global_assignment -name AUTO_SHIFT_REGISTER_RECOGNITION OFF

# --- Pipelined miner (feat/pipelined-miner) -----------------------------------
# The pipelined OdoCrypt core needs THROUGHPUT (hash rate fold) and ODOKEY
# (the baked-in epoch seed) as Verilog macros. ODOKEY must match the
# odo_<seed>.v listed in pipelined_miner_hw.tcl and the deployed epoch.
set_global_assignment -name VERILOG_MACRO "THROUGHPUT=8"
set_global_assignment -name VERILOG_MACRO "ODOKEY=1781740800"

# --- Pin assignments ----------------------------------------------------------
# Extracted from QMTECH Cyclone V SoC KFB Schematic v01 (32-bit DDR3)

# 50 MHz board oscillator
set_location_assignment PIN_V11 -to CLOCK_50
set_instance_assignment -name IO_STANDARD "3.3-V LVTTL" -to CLOCK_50

# Active-low board reset
set_location_assignment PIN_AE25 -to RESET_n
set_instance_assignment -name IO_STANDARD "3.3-V LVTTL" -to RESET_n

# HPS DDR3 (32-bit dual-rank: 4 x MT41K256M16, 2 per rank, 2 GB total)
# CRITICAL: ALL DDR3 pin assignments are generated by HPS / Platform Designer.
# DO NOT manually assign DDR3 pin locations here — they conflict with the
# HPS-generated pin Tcl file (hps_sdram_p0_pin_assignments.tcl).
# Source the auto-generated file from soc_system/synthesis/submodules/ instead.
# I/O standards are automatically SSTL15 (1.5V) for DDR3 pins — do NOT override.
#
# To apply HPS DDR3 pin assignments after regenerating soc_system.qsys:
#   source ../qsys/soc_system/synthesis/submodules/hps_sdram_p0_pin_assignments.tcl

# HPS Ethernet RGMII (Marvell/Microchip PHY)
# Pins routed through HPS I/O bank — assigned by Platform Designer.
# HPS_ENET_GTX_CLK, HPS_ENET_INT_n, HPS_ENET_MDC, HPS_ENET_MDIO,
# HPS_ENET_RX_CLK, HPS_ENET_RX_DATA[3:0], HPS_ENET_RX_DV,
# HPS_ENET_TX_DATA[3:0], HPS_ENET_TX_EN, HPS_ENET_TX_ER

# HPS SD card
# HPS_SD_CLK, HPS_SD_CMD, HPS_SD_DATA[3:0]

# HPS UART
# HPS_UART_RX, HPS_UART_TX

# HPS USB OTG
# HPS_USB_CLKOUT, HPS_USB_DATA[7:0], HPS_USB_DIR, HPS_USB_NXT, HPS_USB_STP

set_global_assignment -name LAST_QUARTUS_VERSION "25.1std.0 Lite Edition"
set_global_assignment -name MIN_CORE_JUNCTION_TEMP "-40"
set_global_assignment -name MAX_CORE_JUNCTION_TEMP 100
set_global_assignment -name SDC_FILE ../constraints/miner.sdc
set_global_assignment -name QIP_FILE ../qsys/soc_system/synthesis/soc_system.qip
set_global_assignment -name VERILOG_FILE ../src/soc_top.v
set_global_assignment -name POWER_PRESET_COOLING_SOLUTION "23 MM HEAT SINK WITH 200 LFPM AIRFLOW"
set_global_assignment -name POWER_BOARD_THERMAL_MODEL "NONE (CONSERVATIVE)"
set_global_assignment -name PARTITION_NETLIST_TYPE SOURCE -section_id Top
set_global_assignment -name PARTITION_FITTER_PRESERVATION_LEVEL PLACEMENT_AND_ROUTING -section_id Top
set_global_assignment -name PARTITION_COLOR 16764057 -section_id Top
set_global_assignment -name IP_SEARCH_PATHS "c:/users/colin/documents/github/odo-miner-cyclonev/hdl/qsys"
set_instance_assignment -name IO_STANDARD "SSTL-15 CLASS I" -to HPS_DDR3_RZQ -tag __hps_sdram_p0
set_instance_assignment -name IO_STANDARD "SSTL-15 CLASS I" -to HPS_DDR3_DQ[0] -tag __hps_sdram_p0
set_instance_assignment -name INPUT_TERMINATION "PARALLEL 50 OHM WITH CALIBRATION" -to HPS_DDR3_DQ[0] -tag __hps_sdram_p0
set_instance_assignment -name OUTPUT_TERMINATION "SERIES 50 OHM WITH CALIBRATION" -to HPS_DDR3_DQ[0] -tag __hps_sdram_p0
set_instance_assignment -name IO_STANDARD "SSTL-15 CLASS I" -to HPS_DDR3_DQ[1] -tag __hps_sdram_p0
set_instance_assignment -name INPUT_TERMINATION "PARALLEL 50 OHM WITH CALIBRATION" -to HPS_DDR3_DQ[1] -tag __hps_sdram_p0
set_instance_assignment -name OUTPUT_TERMINATION "SERIES 50 OHM WITH CALIBRATION" -to HPS_DDR3_DQ[1] -tag __hps_sdram_p0
set_instance_assignment -name IO_STANDARD "SSTL-15 CLASS I" -to HPS_DDR3_DQ[2] -tag __hps_sdram_p0
set_instance_assignment -name INPUT_TERMINATION "PARALLEL 50 OHM WITH CALIBRATION" -to HPS_DDR3_DQ[2] -tag __hps_sdram_p0
set_instance_assignment -name OUTPUT_TERMINATION "SERIES 50 OHM WITH CALIBRATION" -to HPS_DDR3_DQ[2] -tag __hps_sdram_p0
set_instance_assignment -name IO_STANDARD "SSTL-15 CLASS I" -to HPS_DDR3_DQ[3] -tag __hps_sdram_p0
set_instance_assignment -name INPUT_TERMINATION "PARALLEL 50 OHM WITH CALIBRATION" -to HPS_DDR3_DQ[3] -tag __hps_sdram_p0
set_instance_assignment -name OUTPUT_TERMINATION "SERIES 50 OHM WITH CALIBRATION" -to HPS_DDR3_DQ[3] -tag __hps_sdram_p0
set_instance_assignment -name IO_STANDARD "SSTL-15 CLASS I" -to HPS_DDR3_DQ[4] -tag __hps_sdram_p0
set_instance_assignment -name INPUT_TERMINATION "PARALLEL 50 OHM WITH CALIBRATION" -to HPS_DDR3_DQ[4] -tag __hps_sdram_p0
set_instance_assignment -name OUTPUT_TERMINATION "SERIES 50 OHM WITH CALIBRATION" -to HPS_DDR3_DQ[4] -tag __hps_sdram_p0
set_instance_assignment -name IO_STANDARD "SSTL-15 CLASS I" -to HPS_DDR3_DQ[5] -tag __hps_sdram_p0
set_instance_assignment -name INPUT_TERMINATION "PARALLEL 50 OHM WITH CALIBRATION" -to HPS_DDR3_DQ[5] -tag __hps_sdram_p0
set_instance_assignment -name OUTPUT_TERMINATION "SERIES 50 OHM WITH CALIBRATION" -to HPS_DDR3_DQ[5] -tag __hps_sdram_p0
set_instance_assignment -name IO_STANDARD "SSTL-15 CLASS I" -to HPS_DDR3_DQ[6] -tag __hps_sdram_p0
set_instance_assignment -name INPUT_TERMINATION "PARALLEL 50 OHM WITH CALIBRATION" -to HPS_DDR3_DQ[6] -tag __hps_sdram_p0
set_instance_assignment -name OUTPUT_TERMINATION "SERIES 50 OHM WITH CALIBRATION" -to HPS_DDR3_DQ[6] -tag __hps_sdram_p0
set_instance_assignment -name IO_STANDARD "SSTL-15 CLASS I" -to HPS_DDR3_DQ[7] -tag __hps_sdram_p0
set_instance_assignment -name INPUT_TERMINATION "PARALLEL 50 OHM WITH CALIBRATION" -to HPS_DDR3_DQ[7] -tag __hps_sdram_p0
set_instance_assignment -name OUTPUT_TERMINATION "SERIES 50 OHM WITH CALIBRATION" -to HPS_DDR3_DQ[7] -tag __hps_sdram_p0
set_instance_assignment -name IO_STANDARD "SSTL-15 CLASS I" -to HPS_DDR3_DQ[8] -tag __hps_sdram_p0
set_instance_assignment -name INPUT_TERMINATION "PARALLEL 50 OHM WITH CALIBRATION" -to HPS_DDR3_DQ[8] -tag __hps_sdram_p0
set_instance_assignment -name OUTPUT_TERMINATION "SERIES 50 OHM WITH CALIBRATION" -to HPS_DDR3_DQ[8] -tag __hps_sdram_p0
set_instance_assignment -name IO_STANDARD "SSTL-15 CLASS I" -to HPS_DDR3_DQ[9] -tag __hps_sdram_p0
set_instance_assignment -name INPUT_TERMINATION "PARALLEL 50 OHM WITH CALIBRATION" -to HPS_DDR3_DQ[9] -tag __hps_sdram_p0
set_instance_assignment -name OUTPUT_TERMINATION "SERIES 50 OHM WITH CALIBRATION" -to HPS_DDR3_DQ[9] -tag __hps_sdram_p0
set_instance_assignment -name IO_STANDARD "SSTL-15 CLASS I" -to HPS_DDR3_DQ[10] -tag __hps_sdram_p0
set_instance_assignment -name INPUT_TERMINATION "PARALLEL 50 OHM WITH CALIBRATION" -to HPS_DDR3_DQ[10] -tag __hps_sdram_p0
set_instance_assignment -name OUTPUT_TERMINATION "SERIES 50 OHM WITH CALIBRATION" -to HPS_DDR3_DQ[10] -tag __hps_sdram_p0
set_instance_assignment -name IO_STANDARD "SSTL-15 CLASS I" -to HPS_DDR3_DQ[11] -tag __hps_sdram_p0
set_instance_assignment -name INPUT_TERMINATION "PARALLEL 50 OHM WITH CALIBRATION" -to HPS_DDR3_DQ[11] -tag __hps_sdram_p0
set_instance_assignment -name OUTPUT_TERMINATION "SERIES 50 OHM WITH CALIBRATION" -to HPS_DDR3_DQ[11] -tag __hps_sdram_p0
set_instance_assignment -name IO_STANDARD "SSTL-15 CLASS I" -to HPS_DDR3_DQ[12] -tag __hps_sdram_p0
set_instance_assignment -name INPUT_TERMINATION "PARALLEL 50 OHM WITH CALIBRATION" -to HPS_DDR3_DQ[12] -tag __hps_sdram_p0
set_instance_assignment -name OUTPUT_TERMINATION "SERIES 50 OHM WITH CALIBRATION" -to HPS_DDR3_DQ[12] -tag __hps_sdram_p0
set_instance_assignment -name IO_STANDARD "SSTL-15 CLASS I" -to HPS_DDR3_DQ[13] -tag __hps_sdram_p0
set_instance_assignment -name INPUT_TERMINATION "PARALLEL 50 OHM WITH CALIBRATION" -to HPS_DDR3_DQ[13] -tag __hps_sdram_p0
set_instance_assignment -name OUTPUT_TERMINATION "SERIES 50 OHM WITH CALIBRATION" -to HPS_DDR3_DQ[13] -tag __hps_sdram_p0
set_instance_assignment -name IO_STANDARD "SSTL-15 CLASS I" -to HPS_DDR3_DQ[14] -tag __hps_sdram_p0
set_instance_assignment -name INPUT_TERMINATION "PARALLEL 50 OHM WITH CALIBRATION" -to HPS_DDR3_DQ[14] -tag __hps_sdram_p0
set_instance_assignment -name OUTPUT_TERMINATION "SERIES 50 OHM WITH CALIBRATION" -to HPS_DDR3_DQ[14] -tag __hps_sdram_p0
set_instance_assignment -name IO_STANDARD "SSTL-15 CLASS I" -to HPS_DDR3_DQ[15] -tag __hps_sdram_p0
set_instance_assignment -name INPUT_TERMINATION "PARALLEL 50 OHM WITH CALIBRATION" -to HPS_DDR3_DQ[15] -tag __hps_sdram_p0
set_instance_assignment -name OUTPUT_TERMINATION "SERIES 50 OHM WITH CALIBRATION" -to HPS_DDR3_DQ[15] -tag __hps_sdram_p0
set_instance_assignment -name IO_STANDARD "SSTL-15 CLASS I" -to HPS_DDR3_DQ[16] -tag __hps_sdram_p0
set_instance_assignment -name INPUT_TERMINATION "PARALLEL 50 OHM WITH CALIBRATION" -to HPS_DDR3_DQ[16] -tag __hps_sdram_p0
set_instance_assignment -name OUTPUT_TERMINATION "SERIES 50 OHM WITH CALIBRATION" -to HPS_DDR3_DQ[16] -tag __hps_sdram_p0
set_instance_assignment -name IO_STANDARD "SSTL-15 CLASS I" -to HPS_DDR3_DQ[17] -tag __hps_sdram_p0
set_instance_assignment -name INPUT_TERMINATION "PARALLEL 50 OHM WITH CALIBRATION" -to HPS_DDR3_DQ[17] -tag __hps_sdram_p0
set_instance_assignment -name OUTPUT_TERMINATION "SERIES 50 OHM WITH CALIBRATION" -to HPS_DDR3_DQ[17] -tag __hps_sdram_p0
set_instance_assignment -name IO_STANDARD "SSTL-15 CLASS I" -to HPS_DDR3_DQ[18] -tag __hps_sdram_p0
set_instance_assignment -name INPUT_TERMINATION "PARALLEL 50 OHM WITH CALIBRATION" -to HPS_DDR3_DQ[18] -tag __hps_sdram_p0
set_instance_assignment -name OUTPUT_TERMINATION "SERIES 50 OHM WITH CALIBRATION" -to HPS_DDR3_DQ[18] -tag __hps_sdram_p0
set_instance_assignment -name IO_STANDARD "SSTL-15 CLASS I" -to HPS_DDR3_DQ[19] -tag __hps_sdram_p0
set_instance_assignment -name INPUT_TERMINATION "PARALLEL 50 OHM WITH CALIBRATION" -to HPS_DDR3_DQ[19] -tag __hps_sdram_p0
set_instance_assignment -name OUTPUT_TERMINATION "SERIES 50 OHM WITH CALIBRATION" -to HPS_DDR3_DQ[19] -tag __hps_sdram_p0
set_instance_assignment -name IO_STANDARD "SSTL-15 CLASS I" -to HPS_DDR3_DQ[20] -tag __hps_sdram_p0
set_instance_assignment -name INPUT_TERMINATION "PARALLEL 50 OHM WITH CALIBRATION" -to HPS_DDR3_DQ[20] -tag __hps_sdram_p0
set_instance_assignment -name OUTPUT_TERMINATION "SERIES 50 OHM WITH CALIBRATION" -to HPS_DDR3_DQ[20] -tag __hps_sdram_p0
set_instance_assignment -name IO_STANDARD "SSTL-15 CLASS I" -to HPS_DDR3_DQ[21] -tag __hps_sdram_p0
set_instance_assignment -name INPUT_TERMINATION "PARALLEL 50 OHM WITH CALIBRATION" -to HPS_DDR3_DQ[21] -tag __hps_sdram_p0
set_instance_assignment -name OUTPUT_TERMINATION "SERIES 50 OHM WITH CALIBRATION" -to HPS_DDR3_DQ[21] -tag __hps_sdram_p0
set_instance_assignment -name IO_STANDARD "SSTL-15 CLASS I" -to HPS_DDR3_DQ[22] -tag __hps_sdram_p0
set_instance_assignment -name INPUT_TERMINATION "PARALLEL 50 OHM WITH CALIBRATION" -to HPS_DDR3_DQ[22] -tag __hps_sdram_p0
set_instance_assignment -name OUTPUT_TERMINATION "SERIES 50 OHM WITH CALIBRATION" -to HPS_DDR3_DQ[22] -tag __hps_sdram_p0
set_instance_assignment -name IO_STANDARD "SSTL-15 CLASS I" -to HPS_DDR3_DQ[23] -tag __hps_sdram_p0
set_instance_assignment -name INPUT_TERMINATION "PARALLEL 50 OHM WITH CALIBRATION" -to HPS_DDR3_DQ[23] -tag __hps_sdram_p0
set_instance_assignment -name OUTPUT_TERMINATION "SERIES 50 OHM WITH CALIBRATION" -to HPS_DDR3_DQ[23] -tag __hps_sdram_p0
set_instance_assignment -name IO_STANDARD "SSTL-15 CLASS I" -to HPS_DDR3_DQ[24] -tag __hps_sdram_p0
set_instance_assignment -name INPUT_TERMINATION "PARALLEL 50 OHM WITH CALIBRATION" -to HPS_DDR3_DQ[24] -tag __hps_sdram_p0
set_instance_assignment -name OUTPUT_TERMINATION "SERIES 50 OHM WITH CALIBRATION" -to HPS_DDR3_DQ[24] -tag __hps_sdram_p0
set_instance_assignment -name IO_STANDARD "SSTL-15 CLASS I" -to HPS_DDR3_DQ[25] -tag __hps_sdram_p0
set_instance_assignment -name INPUT_TERMINATION "PARALLEL 50 OHM WITH CALIBRATION" -to HPS_DDR3_DQ[25] -tag __hps_sdram_p0
set_instance_assignment -name OUTPUT_TERMINATION "SERIES 50 OHM WITH CALIBRATION" -to HPS_DDR3_DQ[25] -tag __hps_sdram_p0
set_instance_assignment -name IO_STANDARD "SSTL-15 CLASS I" -to HPS_DDR3_DQ[26] -tag __hps_sdram_p0
set_instance_assignment -name INPUT_TERMINATION "PARALLEL 50 OHM WITH CALIBRATION" -to HPS_DDR3_DQ[26] -tag __hps_sdram_p0
set_instance_assignment -name OUTPUT_TERMINATION "SERIES 50 OHM WITH CALIBRATION" -to HPS_DDR3_DQ[26] -tag __hps_sdram_p0
set_instance_assignment -name IO_STANDARD "SSTL-15 CLASS I" -to HPS_DDR3_DQ[27] -tag __hps_sdram_p0
set_instance_assignment -name INPUT_TERMINATION "PARALLEL 50 OHM WITH CALIBRATION" -to HPS_DDR3_DQ[27] -tag __hps_sdram_p0
set_instance_assignment -name OUTPUT_TERMINATION "SERIES 50 OHM WITH CALIBRATION" -to HPS_DDR3_DQ[27] -tag __hps_sdram_p0
set_instance_assignment -name IO_STANDARD "SSTL-15 CLASS I" -to HPS_DDR3_DQ[28] -tag __hps_sdram_p0
set_instance_assignment -name INPUT_TERMINATION "PARALLEL 50 OHM WITH CALIBRATION" -to HPS_DDR3_DQ[28] -tag __hps_sdram_p0
set_instance_assignment -name OUTPUT_TERMINATION "SERIES 50 OHM WITH CALIBRATION" -to HPS_DDR3_DQ[28] -tag __hps_sdram_p0
set_instance_assignment -name IO_STANDARD "SSTL-15 CLASS I" -to HPS_DDR3_DQ[29] -tag __hps_sdram_p0
set_instance_assignment -name INPUT_TERMINATION "PARALLEL 50 OHM WITH CALIBRATION" -to HPS_DDR3_DQ[29] -tag __hps_sdram_p0
set_instance_assignment -name OUTPUT_TERMINATION "SERIES 50 OHM WITH CALIBRATION" -to HPS_DDR3_DQ[29] -tag __hps_sdram_p0
set_instance_assignment -name IO_STANDARD "SSTL-15 CLASS I" -to HPS_DDR3_DQ[30] -tag __hps_sdram_p0
set_instance_assignment -name INPUT_TERMINATION "PARALLEL 50 OHM WITH CALIBRATION" -to HPS_DDR3_DQ[30] -tag __hps_sdram_p0
set_instance_assignment -name OUTPUT_TERMINATION "SERIES 50 OHM WITH CALIBRATION" -to HPS_DDR3_DQ[30] -tag __hps_sdram_p0
set_instance_assignment -name IO_STANDARD "SSTL-15 CLASS I" -to HPS_DDR3_DQ[31] -tag __hps_sdram_p0
set_instance_assignment -name INPUT_TERMINATION "PARALLEL 50 OHM WITH CALIBRATION" -to HPS_DDR3_DQ[31] -tag __hps_sdram_p0
set_instance_assignment -name OUTPUT_TERMINATION "SERIES 50 OHM WITH CALIBRATION" -to HPS_DDR3_DQ[31] -tag __hps_sdram_p0
set_instance_assignment -name IO_STANDARD "DIFFERENTIAL 1.5-V SSTL CLASS I" -to HPS_DDR3_DQS_p[0] -tag __hps_sdram_p0
set_instance_assignment -name INPUT_TERMINATION "PARALLEL 50 OHM WITH CALIBRATION" -to HPS_DDR3_DQS_p[0] -tag __hps_sdram_p0
set_instance_assignment -name OUTPUT_TERMINATION "SERIES 50 OHM WITH CALIBRATION" -to HPS_DDR3_DQS_p[0] -tag __hps_sdram_p0
set_instance_assignment -name IO_STANDARD "DIFFERENTIAL 1.5-V SSTL CLASS I" -to HPS_DDR3_DQS_p[1] -tag __hps_sdram_p0
set_instance_assignment -name INPUT_TERMINATION "PARALLEL 50 OHM WITH CALIBRATION" -to HPS_DDR3_DQS_p[1] -tag __hps_sdram_p0
set_instance_assignment -name OUTPUT_TERMINATION "SERIES 50 OHM WITH CALIBRATION" -to HPS_DDR3_DQS_p[1] -tag __hps_sdram_p0
set_instance_assignment -name IO_STANDARD "DIFFERENTIAL 1.5-V SSTL CLASS I" -to HPS_DDR3_DQS_p[2] -tag __hps_sdram_p0
set_instance_assignment -name INPUT_TERMINATION "PARALLEL 50 OHM WITH CALIBRATION" -to HPS_DDR3_DQS_p[2] -tag __hps_sdram_p0
set_instance_assignment -name OUTPUT_TERMINATION "SERIES 50 OHM WITH CALIBRATION" -to HPS_DDR3_DQS_p[2] -tag __hps_sdram_p0
set_instance_assignment -name IO_STANDARD "DIFFERENTIAL 1.5-V SSTL CLASS I" -to HPS_DDR3_DQS_p[3] -tag __hps_sdram_p0
set_instance_assignment -name INPUT_TERMINATION "PARALLEL 50 OHM WITH CALIBRATION" -to HPS_DDR3_DQS_p[3] -tag __hps_sdram_p0
set_instance_assignment -name OUTPUT_TERMINATION "SERIES 50 OHM WITH CALIBRATION" -to HPS_DDR3_DQS_p[3] -tag __hps_sdram_p0
set_instance_assignment -name IO_STANDARD "DIFFERENTIAL 1.5-V SSTL CLASS I" -to HPS_DDR3_DQS_n[0] -tag __hps_sdram_p0
set_instance_assignment -name INPUT_TERMINATION "PARALLEL 50 OHM WITH CALIBRATION" -to HPS_DDR3_DQS_n[0] -tag __hps_sdram_p0
set_instance_assignment -name OUTPUT_TERMINATION "SERIES 50 OHM WITH CALIBRATION" -to HPS_DDR3_DQS_n[0] -tag __hps_sdram_p0
set_instance_assignment -name IO_STANDARD "DIFFERENTIAL 1.5-V SSTL CLASS I" -to HPS_DDR3_DQS_n[1] -tag __hps_sdram_p0
set_instance_assignment -name INPUT_TERMINATION "PARALLEL 50 OHM WITH CALIBRATION" -to HPS_DDR3_DQS_n[1] -tag __hps_sdram_p0
set_instance_assignment -name OUTPUT_TERMINATION "SERIES 50 OHM WITH CALIBRATION" -to HPS_DDR3_DQS_n[1] -tag __hps_sdram_p0
set_instance_assignment -name IO_STANDARD "DIFFERENTIAL 1.5-V SSTL CLASS I" -to HPS_DDR3_DQS_n[2] -tag __hps_sdram_p0
set_instance_assignment -name INPUT_TERMINATION "PARALLEL 50 OHM WITH CALIBRATION" -to HPS_DDR3_DQS_n[2] -tag __hps_sdram_p0
set_instance_assignment -name OUTPUT_TERMINATION "SERIES 50 OHM WITH CALIBRATION" -to HPS_DDR3_DQS_n[2] -tag __hps_sdram_p0
set_instance_assignment -name IO_STANDARD "DIFFERENTIAL 1.5-V SSTL CLASS I" -to HPS_DDR3_DQS_n[3] -tag __hps_sdram_p0
set_instance_assignment -name INPUT_TERMINATION "PARALLEL 50 OHM WITH CALIBRATION" -to HPS_DDR3_DQS_n[3] -tag __hps_sdram_p0
set_instance_assignment -name OUTPUT_TERMINATION "SERIES 50 OHM WITH CALIBRATION" -to HPS_DDR3_DQS_n[3] -tag __hps_sdram_p0
set_instance_assignment -name IO_STANDARD "DIFFERENTIAL 1.5-V SSTL CLASS I" -to HPS_DDR3_CK_p -tag __hps_sdram_p0
set_instance_assignment -name OUTPUT_TERMINATION "SERIES 50 OHM WITHOUT CALIBRATION" -to HPS_DDR3_CK_p -tag __hps_sdram_p0
set_instance_assignment -name D5_DELAY 2 -to HPS_DDR3_CK_p -tag __hps_sdram_p0
set_instance_assignment -name IO_STANDARD "DIFFERENTIAL 1.5-V SSTL CLASS I" -to HPS_DDR3_CK_n -tag __hps_sdram_p0
set_instance_assignment -name OUTPUT_TERMINATION "SERIES 50 OHM WITHOUT CALIBRATION" -to HPS_DDR3_CK_n -tag __hps_sdram_p0
set_instance_assignment -name D5_DELAY 2 -to HPS_DDR3_CK_n -tag __hps_sdram_p0
set_instance_assignment -name IO_STANDARD "SSTL-15 CLASS I" -to HPS_DDR3_ADDR[0] -tag __hps_sdram_p0
set_instance_assignment -name CURRENT_STRENGTH_NEW "MAXIMUM CURRENT" -to HPS_DDR3_ADDR[0] -tag __hps_sdram_p0
set_instance_assignment -name IO_STANDARD "SSTL-15 CLASS I" -to HPS_DDR3_ADDR[10] -tag __hps_sdram_p0
set_instance_assignment -name CURRENT_STRENGTH_NEW "MAXIMUM CURRENT" -to HPS_DDR3_ADDR[10] -tag __hps_sdram_p0
set_instance_assignment -name IO_STANDARD "SSTL-15 CLASS I" -to HPS_DDR3_ADDR[11] -tag __hps_sdram_p0
set_instance_assignment -name CURRENT_STRENGTH_NEW "MAXIMUM CURRENT" -to HPS_DDR3_ADDR[11] -tag __hps_sdram_p0
set_instance_assignment -name IO_STANDARD "SSTL-15 CLASS I" -to HPS_DDR3_ADDR[12] -tag __hps_sdram_p0
set_instance_assignment -name CURRENT_STRENGTH_NEW "MAXIMUM CURRENT" -to HPS_DDR3_ADDR[12] -tag __hps_sdram_p0
set_instance_assignment -name IO_STANDARD "SSTL-15 CLASS I" -to HPS_DDR3_ADDR[13] -tag __hps_sdram_p0
set_instance_assignment -name CURRENT_STRENGTH_NEW "MAXIMUM CURRENT" -to HPS_DDR3_ADDR[13] -tag __hps_sdram_p0
set_instance_assignment -name IO_STANDARD "SSTL-15 CLASS I" -to HPS_DDR3_ADDR[1] -tag __hps_sdram_p0
set_instance_assignment -name CURRENT_STRENGTH_NEW "MAXIMUM CURRENT" -to HPS_DDR3_ADDR[1] -tag __hps_sdram_p0
set_instance_assignment -name IO_STANDARD "SSTL-15 CLASS I" -to HPS_DDR3_ADDR[2] -tag __hps_sdram_p0
set_instance_assignment -name CURRENT_STRENGTH_NEW "MAXIMUM CURRENT" -to HPS_DDR3_ADDR[2] -tag __hps_sdram_p0
set_instance_assignment -name IO_STANDARD "SSTL-15 CLASS I" -to HPS_DDR3_ADDR[3] -tag __hps_sdram_p0
set_instance_assignment -name CURRENT_STRENGTH_NEW "MAXIMUM CURRENT" -to HPS_DDR3_ADDR[3] -tag __hps_sdram_p0
set_instance_assignment -name IO_STANDARD "SSTL-15 CLASS I" -to HPS_DDR3_ADDR[4] -tag __hps_sdram_p0
set_instance_assignment -name CURRENT_STRENGTH_NEW "MAXIMUM CURRENT" -to HPS_DDR3_ADDR[4] -tag __hps_sdram_p0
set_instance_assignment -name IO_STANDARD "SSTL-15 CLASS I" -to HPS_DDR3_ADDR[5] -tag __hps_sdram_p0
set_instance_assignment -name CURRENT_STRENGTH_NEW "MAXIMUM CURRENT" -to HPS_DDR3_ADDR[5] -tag __hps_sdram_p0
set_instance_assignment -name IO_STANDARD "SSTL-15 CLASS I" -to HPS_DDR3_ADDR[6] -tag __hps_sdram_p0
set_instance_assignment -name CURRENT_STRENGTH_NEW "MAXIMUM CURRENT" -to HPS_DDR3_ADDR[6] -tag __hps_sdram_p0
set_instance_assignment -name IO_STANDARD "SSTL-15 CLASS I" -to HPS_DDR3_ADDR[7] -tag __hps_sdram_p0
set_instance_assignment -name CURRENT_STRENGTH_NEW "MAXIMUM CURRENT" -to HPS_DDR3_ADDR[7] -tag __hps_sdram_p0
set_instance_assignment -name IO_STANDARD "SSTL-15 CLASS I" -to HPS_DDR3_ADDR[8] -tag __hps_sdram_p0
set_instance_assignment -name CURRENT_STRENGTH_NEW "MAXIMUM CURRENT" -to HPS_DDR3_ADDR[8] -tag __hps_sdram_p0
set_instance_assignment -name IO_STANDARD "SSTL-15 CLASS I" -to HPS_DDR3_ADDR[9] -tag __hps_sdram_p0
set_instance_assignment -name CURRENT_STRENGTH_NEW "MAXIMUM CURRENT" -to HPS_DDR3_ADDR[9] -tag __hps_sdram_p0
set_instance_assignment -name IO_STANDARD "SSTL-15 CLASS I" -to HPS_DDR3_BA[0] -tag __hps_sdram_p0
set_instance_assignment -name CURRENT_STRENGTH_NEW "MAXIMUM CURRENT" -to HPS_DDR3_BA[0] -tag __hps_sdram_p0
set_instance_assignment -name IO_STANDARD "SSTL-15 CLASS I" -to HPS_DDR3_BA[1] -tag __hps_sdram_p0
set_instance_assignment -name CURRENT_STRENGTH_NEW "MAXIMUM CURRENT" -to HPS_DDR3_BA[1] -tag __hps_sdram_p0
set_instance_assignment -name IO_STANDARD "SSTL-15 CLASS I" -to HPS_DDR3_BA[2] -tag __hps_sdram_p0
set_instance_assignment -name CURRENT_STRENGTH_NEW "MAXIMUM CURRENT" -to HPS_DDR3_BA[2] -tag __hps_sdram_p0
set_instance_assignment -name IO_STANDARD "SSTL-15 CLASS I" -to HPS_DDR3_CAS_n -tag __hps_sdram_p0
set_instance_assignment -name CURRENT_STRENGTH_NEW "MAXIMUM CURRENT" -to HPS_DDR3_CAS_n -tag __hps_sdram_p0
set_instance_assignment -name IO_STANDARD "SSTL-15 CLASS I" -to HPS_DDR3_CKE[0] -tag __hps_sdram_p0
set_instance_assignment -name CURRENT_STRENGTH_NEW "MAXIMUM CURRENT" -to HPS_DDR3_CKE[0] -tag __hps_sdram_p0
set_instance_assignment -name IO_STANDARD "SSTL-15 CLASS I" -to HPS_DDR3_CKE[1] -tag __hps_sdram_p0
set_instance_assignment -name CURRENT_STRENGTH_NEW "MAXIMUM CURRENT" -to HPS_DDR3_CKE[1] -tag __hps_sdram_p0
set_instance_assignment -name IO_STANDARD "SSTL-15 CLASS I" -to HPS_DDR3_CS_n[0] -tag __hps_sdram_p0
set_instance_assignment -name CURRENT_STRENGTH_NEW "MAXIMUM CURRENT" -to HPS_DDR3_CS_n[0] -tag __hps_sdram_p0
set_instance_assignment -name IO_STANDARD "SSTL-15 CLASS I" -to HPS_DDR3_CS_n[1] -tag __hps_sdram_p0
set_instance_assignment -name CURRENT_STRENGTH_NEW "MAXIMUM CURRENT" -to HPS_DDR3_CS_n[1] -tag __hps_sdram_p0
set_instance_assignment -name IO_STANDARD "SSTL-15 CLASS I" -to HPS_DDR3_ODT[0] -tag __hps_sdram_p0
set_instance_assignment -name CURRENT_STRENGTH_NEW "MAXIMUM CURRENT" -to HPS_DDR3_ODT[0] -tag __hps_sdram_p0
set_instance_assignment -name IO_STANDARD "SSTL-15 CLASS I" -to HPS_DDR3_ODT[1] -tag __hps_sdram_p0
set_instance_assignment -name CURRENT_STRENGTH_NEW "MAXIMUM CURRENT" -to HPS_DDR3_ODT[1] -tag __hps_sdram_p0
set_instance_assignment -name IO_STANDARD "SSTL-15 CLASS I" -to HPS_DDR3_RAS_n -tag __hps_sdram_p0
set_instance_assignment -name CURRENT_STRENGTH_NEW "MAXIMUM CURRENT" -to HPS_DDR3_RAS_n -tag __hps_sdram_p0
set_instance_assignment -name IO_STANDARD "SSTL-15 CLASS I" -to HPS_DDR3_WE_n -tag __hps_sdram_p0
set_instance_assignment -name CURRENT_STRENGTH_NEW "MAXIMUM CURRENT" -to HPS_DDR3_WE_n -tag __hps_sdram_p0
set_instance_assignment -name IO_STANDARD "SSTL-15 CLASS I" -to HPS_DDR3_RESET_n -tag __hps_sdram_p0
set_instance_assignment -name CURRENT_STRENGTH_NEW "MAXIMUM CURRENT" -to HPS_DDR3_RESET_n -tag __hps_sdram_p0
set_instance_assignment -name IO_STANDARD "SSTL-15 CLASS I" -to HPS_DDR3_DM[0] -tag __hps_sdram_p0
set_instance_assignment -name OUTPUT_TERMINATION "SERIES 50 OHM WITH CALIBRATION" -to HPS_DDR3_DM[0] -tag __hps_sdram_p0
set_instance_assignment -name IO_STANDARD "SSTL-15 CLASS I" -to HPS_DDR3_DM[1] -tag __hps_sdram_p0
set_instance_assignment -name OUTPUT_TERMINATION "SERIES 50 OHM WITH CALIBRATION" -to HPS_DDR3_DM[1] -tag __hps_sdram_p0
set_instance_assignment -name IO_STANDARD "SSTL-15 CLASS I" -to HPS_DDR3_DM[2] -tag __hps_sdram_p0
set_instance_assignment -name OUTPUT_TERMINATION "SERIES 50 OHM WITH CALIBRATION" -to HPS_DDR3_DM[2] -tag __hps_sdram_p0
set_instance_assignment -name IO_STANDARD "SSTL-15 CLASS I" -to HPS_DDR3_DM[3] -tag __hps_sdram_p0
set_instance_assignment -name OUTPUT_TERMINATION "SERIES 50 OHM WITH CALIBRATION" -to HPS_DDR3_DM[3] -tag __hps_sdram_p0
set_instance_assignment -name PACKAGE_SKEW_COMPENSATION OFF -to HPS_DDR3_DQ[0] -tag __hps_sdram_p0
set_instance_assignment -name PACKAGE_SKEW_COMPENSATION OFF -to HPS_DDR3_DQ[1] -tag __hps_sdram_p0
set_instance_assignment -name PACKAGE_SKEW_COMPENSATION OFF -to HPS_DDR3_DQ[2] -tag __hps_sdram_p0
set_instance_assignment -name PACKAGE_SKEW_COMPENSATION OFF -to HPS_DDR3_DQ[3] -tag __hps_sdram_p0
set_instance_assignment -name PACKAGE_SKEW_COMPENSATION OFF -to HPS_DDR3_DQ[4] -tag __hps_sdram_p0
set_instance_assignment -name PACKAGE_SKEW_COMPENSATION OFF -to HPS_DDR3_DQ[5] -tag __hps_sdram_p0
set_instance_assignment -name PACKAGE_SKEW_COMPENSATION OFF -to HPS_DDR3_DQ[6] -tag __hps_sdram_p0
set_instance_assignment -name PACKAGE_SKEW_COMPENSATION OFF -to HPS_DDR3_DQ[7] -tag __hps_sdram_p0
set_instance_assignment -name PACKAGE_SKEW_COMPENSATION OFF -to HPS_DDR3_DQ[8] -tag __hps_sdram_p0
set_instance_assignment -name PACKAGE_SKEW_COMPENSATION OFF -to HPS_DDR3_DQ[9] -tag __hps_sdram_p0
set_instance_assignment -name PACKAGE_SKEW_COMPENSATION OFF -to HPS_DDR3_DQ[10] -tag __hps_sdram_p0
set_instance_assignment -name PACKAGE_SKEW_COMPENSATION OFF -to HPS_DDR3_DQ[11] -tag __hps_sdram_p0
set_instance_assignment -name PACKAGE_SKEW_COMPENSATION OFF -to HPS_DDR3_DQ[12] -tag __hps_sdram_p0
set_instance_assignment -name PACKAGE_SKEW_COMPENSATION OFF -to HPS_DDR3_DQ[13] -tag __hps_sdram_p0
set_instance_assignment -name PACKAGE_SKEW_COMPENSATION OFF -to HPS_DDR3_DQ[14] -tag __hps_sdram_p0
set_instance_assignment -name PACKAGE_SKEW_COMPENSATION OFF -to HPS_DDR3_DQ[15] -tag __hps_sdram_p0
set_instance_assignment -name PACKAGE_SKEW_COMPENSATION OFF -to HPS_DDR3_DQ[16] -tag __hps_sdram_p0
set_instance_assignment -name PACKAGE_SKEW_COMPENSATION OFF -to HPS_DDR3_DQ[17] -tag __hps_sdram_p0
set_instance_assignment -name PACKAGE_SKEW_COMPENSATION OFF -to HPS_DDR3_DQ[18] -tag __hps_sdram_p0
set_instance_assignment -name PACKAGE_SKEW_COMPENSATION OFF -to HPS_DDR3_DQ[19] -tag __hps_sdram_p0
set_instance_assignment -name PACKAGE_SKEW_COMPENSATION OFF -to HPS_DDR3_DQ[20] -tag __hps_sdram_p0
set_instance_assignment -name PACKAGE_SKEW_COMPENSATION OFF -to HPS_DDR3_DQ[21] -tag __hps_sdram_p0
set_instance_assignment -name PACKAGE_SKEW_COMPENSATION OFF -to HPS_DDR3_DQ[22] -tag __hps_sdram_p0
set_instance_assignment -name PACKAGE_SKEW_COMPENSATION OFF -to HPS_DDR3_DQ[23] -tag __hps_sdram_p0
set_instance_assignment -name PACKAGE_SKEW_COMPENSATION OFF -to HPS_DDR3_DQ[24] -tag __hps_sdram_p0
set_instance_assignment -name PACKAGE_SKEW_COMPENSATION OFF -to HPS_DDR3_DQ[25] -tag __hps_sdram_p0
set_instance_assignment -name PACKAGE_SKEW_COMPENSATION OFF -to HPS_DDR3_DQ[26] -tag __hps_sdram_p0
set_instance_assignment -name PACKAGE_SKEW_COMPENSATION OFF -to HPS_DDR3_DQ[27] -tag __hps_sdram_p0
set_instance_assignment -name PACKAGE_SKEW_COMPENSATION OFF -to HPS_DDR3_DQ[28] -tag __hps_sdram_p0
set_instance_assignment -name PACKAGE_SKEW_COMPENSATION OFF -to HPS_DDR3_DQ[29] -tag __hps_sdram_p0
set_instance_assignment -name PACKAGE_SKEW_COMPENSATION OFF -to HPS_DDR3_DQ[30] -tag __hps_sdram_p0
set_instance_assignment -name PACKAGE_SKEW_COMPENSATION OFF -to HPS_DDR3_DQ[31] -tag __hps_sdram_p0
set_instance_assignment -name PACKAGE_SKEW_COMPENSATION OFF -to HPS_DDR3_DM[0] -tag __hps_sdram_p0
set_instance_assignment -name PACKAGE_SKEW_COMPENSATION OFF -to HPS_DDR3_DM[1] -tag __hps_sdram_p0
set_instance_assignment -name PACKAGE_SKEW_COMPENSATION OFF -to HPS_DDR3_DM[2] -tag __hps_sdram_p0
set_instance_assignment -name PACKAGE_SKEW_COMPENSATION OFF -to HPS_DDR3_DM[3] -tag __hps_sdram_p0
set_instance_assignment -name PACKAGE_SKEW_COMPENSATION OFF -to HPS_DDR3_DQS_p[0] -tag __hps_sdram_p0
set_instance_assignment -name PACKAGE_SKEW_COMPENSATION OFF -to HPS_DDR3_DQS_p[1] -tag __hps_sdram_p0
set_instance_assignment -name PACKAGE_SKEW_COMPENSATION OFF -to HPS_DDR3_DQS_p[2] -tag __hps_sdram_p0
set_instance_assignment -name PACKAGE_SKEW_COMPENSATION OFF -to HPS_DDR3_DQS_p[3] -tag __hps_sdram_p0
set_instance_assignment -name PACKAGE_SKEW_COMPENSATION OFF -to HPS_DDR3_DQS_n[0] -tag __hps_sdram_p0
set_instance_assignment -name PACKAGE_SKEW_COMPENSATION OFF -to HPS_DDR3_DQS_n[1] -tag __hps_sdram_p0
set_instance_assignment -name PACKAGE_SKEW_COMPENSATION OFF -to HPS_DDR3_DQS_n[2] -tag __hps_sdram_p0
set_instance_assignment -name PACKAGE_SKEW_COMPENSATION OFF -to HPS_DDR3_DQS_n[3] -tag __hps_sdram_p0
set_instance_assignment -name PACKAGE_SKEW_COMPENSATION OFF -to HPS_DDR3_ADDR[0] -tag __hps_sdram_p0
set_instance_assignment -name PACKAGE_SKEW_COMPENSATION OFF -to HPS_DDR3_ADDR[10] -tag __hps_sdram_p0
set_instance_assignment -name PACKAGE_SKEW_COMPENSATION OFF -to HPS_DDR3_ADDR[11] -tag __hps_sdram_p0
set_instance_assignment -name PACKAGE_SKEW_COMPENSATION OFF -to HPS_DDR3_ADDR[12] -tag __hps_sdram_p0
set_instance_assignment -name PACKAGE_SKEW_COMPENSATION OFF -to HPS_DDR3_ADDR[13] -tag __hps_sdram_p0
set_instance_assignment -name PACKAGE_SKEW_COMPENSATION OFF -to HPS_DDR3_ADDR[1] -tag __hps_sdram_p0
set_instance_assignment -name PACKAGE_SKEW_COMPENSATION OFF -to HPS_DDR3_ADDR[2] -tag __hps_sdram_p0
set_instance_assignment -name PACKAGE_SKEW_COMPENSATION OFF -to HPS_DDR3_ADDR[3] -tag __hps_sdram_p0
set_instance_assignment -name PACKAGE_SKEW_COMPENSATION OFF -to HPS_DDR3_ADDR[4] -tag __hps_sdram_p0
set_instance_assignment -name PACKAGE_SKEW_COMPENSATION OFF -to HPS_DDR3_ADDR[5] -tag __hps_sdram_p0
set_instance_assignment -name PACKAGE_SKEW_COMPENSATION OFF -to HPS_DDR3_ADDR[6] -tag __hps_sdram_p0
set_instance_assignment -name PACKAGE_SKEW_COMPENSATION OFF -to HPS_DDR3_ADDR[7] -tag __hps_sdram_p0
set_instance_assignment -name PACKAGE_SKEW_COMPENSATION OFF -to HPS_DDR3_ADDR[8] -tag __hps_sdram_p0
set_instance_assignment -name PACKAGE_SKEW_COMPENSATION OFF -to HPS_DDR3_ADDR[9] -tag __hps_sdram_p0
set_instance_assignment -name PACKAGE_SKEW_COMPENSATION OFF -to HPS_DDR3_BA[0] -tag __hps_sdram_p0
set_instance_assignment -name PACKAGE_SKEW_COMPENSATION OFF -to HPS_DDR3_BA[1] -tag __hps_sdram_p0
set_instance_assignment -name PACKAGE_SKEW_COMPENSATION OFF -to HPS_DDR3_BA[2] -tag __hps_sdram_p0
set_instance_assignment -name PACKAGE_SKEW_COMPENSATION OFF -to HPS_DDR3_CAS_n -tag __hps_sdram_p0
set_instance_assignment -name PACKAGE_SKEW_COMPENSATION OFF -to HPS_DDR3_CKE[0] -tag __hps_sdram_p0
set_instance_assignment -name PACKAGE_SKEW_COMPENSATION OFF -to HPS_DDR3_CKE[1] -tag __hps_sdram_p0
set_instance_assignment -name PACKAGE_SKEW_COMPENSATION OFF -to HPS_DDR3_CS_n[0] -tag __hps_sdram_p0
set_instance_assignment -name PACKAGE_SKEW_COMPENSATION OFF -to HPS_DDR3_CS_n[1] -tag __hps_sdram_p0
set_instance_assignment -name PACKAGE_SKEW_COMPENSATION OFF -to HPS_DDR3_ODT[0] -tag __hps_sdram_p0
set_instance_assignment -name PACKAGE_SKEW_COMPENSATION OFF -to HPS_DDR3_ODT[1] -tag __hps_sdram_p0
set_instance_assignment -name PACKAGE_SKEW_COMPENSATION OFF -to HPS_DDR3_RAS_n -tag __hps_sdram_p0
set_instance_assignment -name PACKAGE_SKEW_COMPENSATION OFF -to HPS_DDR3_WE_n -tag __hps_sdram_p0
set_instance_assignment -name PACKAGE_SKEW_COMPENSATION OFF -to HPS_DDR3_RESET_n -tag __hps_sdram_p0
set_instance_assignment -name PACKAGE_SKEW_COMPENSATION OFF -to HPS_DDR3_CK_p -tag __hps_sdram_p0
set_instance_assignment -name PACKAGE_SKEW_COMPENSATION OFF -to HPS_DDR3_CK_n -tag __hps_sdram_p0
set_instance_assignment -name GLOBAL_SIGNAL OFF -to u_soc|hps_0|hps_io|border|hps_sdram_inst|p0|umemphy|ureset|phy_reset_mem_stable_n -tag __hps_sdram_p0
set_instance_assignment -name GLOBAL_SIGNAL OFF -to u_soc|hps_0|hps_io|border|hps_sdram_inst|p0|umemphy|ureset|phy_reset_n -tag __hps_sdram_p0
set_instance_assignment -name GLOBAL_SIGNAL OFF -to u_soc|hps_0|hps_io|border|hps_sdram_inst|p0|umemphy|uio_pads|dq_ddio[0].read_capture_clk_buffer -tag __hps_sdram_p0
set_instance_assignment -name GLOBAL_SIGNAL OFF -to u_soc|hps_0|hps_io|border|hps_sdram_inst|p0|umemphy|uread_datapath|reset_n_fifo_write_side[0] -tag __hps_sdram_p0
set_instance_assignment -name GLOBAL_SIGNAL OFF -to u_soc|hps_0|hps_io|border|hps_sdram_inst|p0|umemphy|uread_datapath|reset_n_fifo_wraddress[0] -tag __hps_sdram_p0
set_instance_assignment -name GLOBAL_SIGNAL OFF -to u_soc|hps_0|hps_io|border|hps_sdram_inst|p0|umemphy|uio_pads|dq_ddio[1].read_capture_clk_buffer -tag __hps_sdram_p0
set_instance_assignment -name GLOBAL_SIGNAL OFF -to u_soc|hps_0|hps_io|border|hps_sdram_inst|p0|umemphy|uread_datapath|reset_n_fifo_write_side[1] -tag __hps_sdram_p0
set_instance_assignment -name GLOBAL_SIGNAL OFF -to u_soc|hps_0|hps_io|border|hps_sdram_inst|p0|umemphy|uread_datapath|reset_n_fifo_wraddress[1] -tag __hps_sdram_p0
set_instance_assignment -name GLOBAL_SIGNAL OFF -to u_soc|hps_0|hps_io|border|hps_sdram_inst|p0|umemphy|uio_pads|dq_ddio[2].read_capture_clk_buffer -tag __hps_sdram_p0
set_instance_assignment -name GLOBAL_SIGNAL OFF -to u_soc|hps_0|hps_io|border|hps_sdram_inst|p0|umemphy|uread_datapath|reset_n_fifo_write_side[2] -tag __hps_sdram_p0
set_instance_assignment -name GLOBAL_SIGNAL OFF -to u_soc|hps_0|hps_io|border|hps_sdram_inst|p0|umemphy|uread_datapath|reset_n_fifo_wraddress[2] -tag __hps_sdram_p0
set_instance_assignment -name GLOBAL_SIGNAL OFF -to u_soc|hps_0|hps_io|border|hps_sdram_inst|p0|umemphy|uio_pads|dq_ddio[3].read_capture_clk_buffer -tag __hps_sdram_p0
set_instance_assignment -name GLOBAL_SIGNAL OFF -to u_soc|hps_0|hps_io|border|hps_sdram_inst|p0|umemphy|uread_datapath|reset_n_fifo_write_side[3] -tag __hps_sdram_p0
set_instance_assignment -name GLOBAL_SIGNAL OFF -to u_soc|hps_0|hps_io|border|hps_sdram_inst|p0|umemphy|uread_datapath|reset_n_fifo_wraddress[3] -tag __hps_sdram_p0
set_instance_assignment -name ENABLE_BENEFICIAL_SKEW_OPTIMIZATION_FOR_NON_GLOBAL_CLOCKS ON -to u_soc|hps_0|hps_io|border|hps_sdram_inst -tag __hps_sdram_p0
set_instance_assignment -name PLL_COMPENSATION_MODE DIRECT -to u_soc|hps_0|hps_io|border|hps_sdram_inst|pll0|fbout -tag __hps_sdram_p0
set_global_assignment -name USE_DLL_FREQUENCY_FOR_DQS_DELAY_CHAIN ON
set_global_assignment -name UNIPHY_SEQUENCER_DQS_CONFIG_ENABLE ON
set_global_assignment -name ECO_REGENERATE_REPORT ON
set_instance_assignment -name PARTITION_HIERARCHY root_partition -to | -section_id Top
# =============================================================================
# SPI TFT display + touch on the GPIO_0 header (DE10-Nano-compatible ballout,
# cross-checked against the QMTECH KFB dual-SDRAM schematic page 5).
# GPIO_0 header index -> ball: D0=V12 D1=E8 D2=W12 D3=D11 D4=D8 D5=AH13
#   D6=AF7 D7=AH14 D8=AF4 D9=AH3 D10=AD5 D11=AG14 D17=AD20 D28=Y18
# =============================================================================
set_location_assignment PIN_V12  -to LCD_SCLK
set_location_assignment PIN_E8   -to LCD_MOSI
set_location_assignment PIN_W12  -to LCD_MISO
set_location_assignment PIN_D11  -to LCD_CS_n
set_location_assignment PIN_D8   -to LCD_DC
set_location_assignment PIN_AH13 -to LCD_RST_n
set_location_assignment PIN_AF7  -to LCD_BL
set_location_assignment PIN_AH14 -to TP_SCLK
set_location_assignment PIN_AF4  -to TP_MOSI
set_location_assignment PIN_AH3  -to TP_MISO
set_location_assignment PIN_AD5  -to TP_CS_n
set_location_assignment PIN_AG14 -to TP_IRQ_n
set_instance_assignment -name IO_STANDARD "3.3-V LVTTL" -to LCD_SCLK
set_instance_assignment -name IO_STANDARD "3.3-V LVTTL" -to LCD_MOSI
set_instance_assignment -name IO_STANDARD "3.3-V LVTTL" -to LCD_MISO
set_instance_assignment -name IO_STANDARD "3.3-V LVTTL" -to LCD_CS_n
set_instance_assignment -name IO_STANDARD "3.3-V LVTTL" -to LCD_DC
set_instance_assignment -name IO_STANDARD "3.3-V LVTTL" -to LCD_RST_n
set_instance_assignment -name IO_STANDARD "3.3-V LVTTL" -to LCD_BL
set_instance_assignment -name IO_STANDARD "3.3-V LVTTL" -to TP_SCLK
set_instance_assignment -name IO_STANDARD "3.3-V LVTTL" -to TP_MOSI
set_instance_assignment -name IO_STANDARD "3.3-V LVTTL" -to TP_MISO
set_instance_assignment -name IO_STANDARD "3.3-V LVTTL" -to TP_CS_n
set_instance_assignment -name IO_STANDARD "3.3-V LVTTL" -to TP_IRQ_n
set_instance_assignment -name WEAK_PULL_UP_RESISTOR ON -to TP_IRQ_n
set_instance_assignment -name WEAK_PULL_UP_RESISTOR ON -to LCD_MISO
set_instance_assignment -name WEAK_PULL_UP_RESISTOR ON -to TP_MISO

# Onboard fabric SDRAM chip selects (share GPIO_0 pins) — held high/disabled
set_location_assignment PIN_Y18  -to SDRAM_CS0_n
set_location_assignment PIN_AD20 -to SDRAM_CS1_n
set_instance_assignment -name IO_STANDARD "3.3-V LVTTL" -to SDRAM_CS0_n
set_instance_assignment -name IO_STANDARD "3.3-V LVTTL" -to SDRAM_CS1_n

# User buttons and LEDs (DE10-Nano-compatible)
set_location_assignment PIN_AH17 -to KEY0
set_location_assignment PIN_AH16 -to KEY1
set_instance_assignment -name IO_STANDARD "3.3-V LVTTL" -to KEY0
set_instance_assignment -name IO_STANDARD "3.3-V LVTTL" -to KEY1
set_instance_assignment -name WEAK_PULL_UP_RESISTOR ON -to KEY0
set_instance_assignment -name WEAK_PULL_UP_RESISTOR ON -to KEY1
set_location_assignment PIN_W15  -to LED[0]
set_location_assignment PIN_AA24 -to LED[1]
set_location_assignment PIN_V16  -to LED[2]
set_location_assignment PIN_V15  -to LED[3]
set_location_assignment PIN_AF26 -to LED[4]
set_location_assignment PIN_AE26 -to LED[5]
set_location_assignment PIN_Y16  -to LED[6]
set_location_assignment PIN_AA23 -to LED[7]
set_instance_assignment -name IO_STANDARD "3.3-V LVTTL" -to LED[0]
set_instance_assignment -name IO_STANDARD "3.3-V LVTTL" -to LED[1]
set_instance_assignment -name IO_STANDARD "3.3-V LVTTL" -to LED[2]
set_instance_assignment -name IO_STANDARD "3.3-V LVTTL" -to LED[3]
set_instance_assignment -name IO_STANDARD "3.3-V LVTTL" -to LED[4]
set_instance_assignment -name IO_STANDARD "3.3-V LVTTL" -to LED[5]
set_instance_assignment -name IO_STANDARD "3.3-V LVTTL" -to LED[6]
set_instance_assignment -name IO_STANDARD "3.3-V LVTTL" -to LED[7]
